
Microsoft Visual Studio Solution File, Format Version 12.00
# Visual Studio Version 17
VisualStudioVersion = 17.3.32929.385
MinimumVisualStudioVersion = 10.0.40219.1
Project("{FAE04EC0-301F-11D3-BF4B-00C04F79EFBC}") = "Exercicio 1 - Comissões", "Exercicio 1 - Comissões\Exercicio 1 - Comissões.csproj", "{A220410B-9A5F-4CE4-980F-1323F0AF413E}"
EndProject
Global
	GlobalSection(SolutionConfigurationPlatforms) = preSolution
		Debug|Any CPU = Debug|Any CPU
		Release|Any CPU = Release|Any CPU
	EndGlobalSection
	GlobalSection(ProjectConfigurationPlatforms) = postSolution
		{A220410B-9A5F-4CE4-980F-1323F0AF413E}.Debug|Any CPU.ActiveCfg = Debug|Any CPU
		{A220410B-9A5F-4CE4-980F-1323F0AF413E}.Debug|Any CPU.Build.0 = Debug|Any CPU
		{A220410B-9A5F-4CE4-980F-1323F0AF413E}.Release|Any CPU.ActiveCfg = Release|Any CPU
		{A220410B-9A5F-4CE4-980F-1323F0AF413E}.Release|Any CPU.Build.0 = Release|Any CPU
	EndGlobalSection
	GlobalSection(SolutionProperties) = preSolution
		HideSolutionNode = FALSE
	EndGlobalSection
	GlobalSection(ExtensibilityGlobals) = postSolution
		SolutionGuid = {4F860A0B-FB6B-4703-A926-11529784B333}
	EndGlobalSection
EndGlobal
